PODS:
  - AgoraRtcEngine_Special_iOS (4.1.1.26)
  - AgoraRtm (2.2.0)
  - CallAPI (2.0.0):
    - AgoraRtcEngine_Special_iOS (= 4.1.1.26)
    - CallAPI/All (= 2.0.0)
  - CallAPI/All (2.0.0):
    - AgoraRtcEngine_Special_iOS (= 4.1.1.26)
    - AgoraRtm (= 2.2.0)
  - HyphenateChat (4.5.0)
  - SVProgressHUD (2.3.1):
    - SVProgressHUD/Core (= 2.3.1)
  - SVProgressHUD/Core (2.3.1)
  - YYCategories (1.0.4):
    - YYCategories/no-arc (= 1.0.4)
  - YYCategories/no-arc (1.0.4)

DEPENDENCIES:
  - CallAPI (from `../`)
  - HyphenateChat
  - SVProgressHUD
  - YYCategories

SPEC REPOS:
  https://github.com/CocoaPods/Specs.git:
    - AgoraRtcEngine_Special_iOS
    - AgoraRtm
    - HyphenateChat
    - SVProgressHUD
    - YYCategories

EXTERNAL SOURCES:
  CallAPI:
    :path: "../"

SPEC CHECKSUMS:
  AgoraRtcEngine_Special_iOS: 62ac62b0caddac27ab3c2e26ed7a2e5d9c7739a5
  AgoraRtm: 4813aab832ca612facb29c831339546c71e0b764
  CallAPI: 847fbd556485e28404740e718df18a9912818e3c
  HyphenateChat: bf4cfa65a83ffa210803fdc91263b4891fb510ee
  SVProgressHUD: 4837c74bdfe2e51e8821c397825996a8d7de6e22
  YYCategories: 6bcd4314c6661a561410dce4a793379ebd306abd

PODFILE CHECKSUM: 9dc9dbbe6798e155aa3f31950e6c196cfaf4d4e4

COCOAPODS: 1.12.1
