PODS:
  - AgoraRtcEngine_Special_iOS (4.1.1.26)
  - AgoraRtm_iOS (2.1.8)
  - CallAPI (1.1.1):
    - AgoraRtcEngine_Special_iOS (= 4.1.1.26)
    - CallAPI/All (= 1.1.1)
  - CallAPI/All (1.1.1):
    - AgoraRtcEngine_Special_iOS (= 4.1.1.26)
    - AgoraRtm_iOS (= 2.1.8)
  - HyphenateChat (4.4.1)
  - SVProgressHUD (2.3.1):
    - SVProgressHUD/Core (= 2.3.1)
  - SVProgressHUD/Core (2.3.1)
  - YYCategories (1.0.4):
    - YYCategories/no-arc (= 1.0.4)
  - YYCategories/no-arc (1.0.4)

DEPENDENCIES:
  - CallAPI (from `../`)
  - HyphenateChat
  - SVProgressHUD
  - YYCategories

SPEC REPOS:
  https://github.com/CocoaPods/Specs.git:
    - AgoraRtcEngine_Special_iOS
    - AgoraRtm_iOS
    - HyphenateChat
    - SVProgressHUD
    - YYCategories

EXTERNAL SOURCES:
  CallAPI:
    :path: "../"

SPEC CHECKSUMS:
  AgoraRtcEngine_Special_iOS: 62ac62b0caddac27ab3c2e26ed7a2e5d9c7739a5
  AgoraRtm_iOS: 9fb76b5f71900d012aaed6c033e235d6fd201ed9
  CallAPI: fd385b00be1586a5fc5cf0205d3c79c9c491f5d9
  HyphenateChat: 35ec35c5529cf780571313c5a4abfe76f0b8db13
  SVProgressHUD: 4837c74bdfe2e51e8821c397825996a8d7de6e22
  YYCategories: 6bcd4314c6661a561410dce4a793379ebd306abd

PODFILE CHECKSUM: 9dc9dbbe6798e155aa3f31950e6c196cfaf4d4e4

COCOAPODS: 1.12.1
